
Microsoft Visual Studio Solution File, Format Version 12.00
# Visual Studio Version 16
VisualStudioVersion = 16.0.31205.134
MinimumVisualStudioVersion = 10.0.40219.1
Project("{FAE04EC0-301F-11D3-BF4B-00C04F79EFBC}") = "jpoulin1745Ex3D", "jpoulin1745Ex3D.csproj", "{75985899-674E-4EDE-B1D8-6A195998153E}"
EndProject
Global
	GlobalSection(SolutionConfigurationPlatforms) = preSolution
		Debug|Any CPU = Debug|Any CPU
		Release|Any CPU = Release|Any CPU
	EndGlobalSection
	GlobalSection(ProjectConfigurationPlatforms) = postSolution
		{75985899-674E-4EDE-B1D8-6A195998153E}.Debug|Any CPU.ActiveCfg = Debug|Any CPU
		{75985899-674E-4EDE-B1D8-6A195998153E}.Debug|Any CPU.Build.0 = Debug|Any CPU
		{75985899-674E-4EDE-B1D8-6A195998153E}.Release|Any CPU.ActiveCfg = Release|Any CPU
		{75985899-674E-4EDE-B1D8-6A195998153E}.Release|Any CPU.Build.0 = Release|Any CPU
	EndGlobalSection
	GlobalSection(SolutionProperties) = preSolution
		HideSolutionNode = FALSE
	EndGlobalSection
	GlobalSection(ExtensibilityGlobals) = postSolution
		SolutionGuid = {24E5A82C-2762-4D31-9051-C9EEDBA502CF}
	EndGlobalSection
EndGlobal
